PODS:
  - Flutter (1.0.0)
  - flutter_iomb_library (1.0.0):
    - flutter_iomb_library/Flutter (= 1.0.0)
    - flutter_iomb_library/IOMbLibrary (= 1.0.0)
  - flutter_iomb_library/Flutter (1.0.0):
    - Flutter
  - flutter_iomb_library/IOMbLibrary (1.0.0):
    - IOMbLibrary
  - IOMbLibrary (1.0.2)

DEPENDENCIES:
  - Flutter (from `Flutter`)
  - flutter_iomb_library (from `.symlinks/plugins/flutter_iomb_library/ios`)
  - IOMbLibrary (from `https://repo.infonline.de/iom/base/sensors/app/ios.git`)

EXTERNAL SOURCES:
  Flutter:
    :path: Flutter
  flutter_iomb_library:
    :path: ".symlinks/plugins/flutter_iomb_library/ios"
  IOMbLibrary:
    :git: https://repo.infonline.de/iom/base/sensors/app/ios.git

CHECKOUT OPTIONS:
  IOMbLibrary:
    :commit: cc2b2b22f155668fb477a98cfa5504ff99d8b9af
    :git: https://repo.infonline.de/iom/base/sensors/app/ios.git

SPEC CHECKSUMS:
  Flutter: 50d75fe2f02b26cc09d224853bb45737f8b3214a
  flutter_iomb_library: 4d4fdf927ba2e43e93c461e29ef3f20f5bf25ec7
  IOMbLibrary: bcbd383be009bf02c1ee2ea1e208952b8143244d

PODFILE CHECKSUM: 1f2dfb511f6dedb14b66fa8b6556f7c378e7462b

COCOAPODS: 1.11.3
